{
  "requires": true,
  "lockfileVersion": 1,
  "dependencies": {
    "alertifyjs": {
      "version": "1.11.1",
      "resolved": "https://registry.npmjs.org/alertifyjs/-/alertifyjs-1.11.1.tgz",
      "integrity": "sha512-8rw5zvMlg0Idltq15OOU9tGabYVA/I8JTNIM5ICUXqvrdPb7cfl+sSkTv9pDc6bbB8p9L85GtmOG7SUSv+bugQ=="
    },
    "jquery": {
      "version": "3.3.1",
      "resolved": "https://registry.npmjs.org/jquery/-/jquery-3.3.1.tgz",
      "integrity": "sha512-Ubldcmxp5np52/ENotGxlLe6aGMvmF4R8S6tZjsP6Knsaxd/xp3Zrh50cG93lR6nPXyUFwzN3ZSOQI0wRJNdGg=="
    }
  }
}
